// !$*UTF8*$!
{
	archiveVersion = 1;
	classes = {
	};
	objectVersion = 55;
	objects = {

/* Begin PBXBuildFile section */
		337A15632951875B00CBCE23 /* AppDelegate.swift in Sources */ = {isa = PBXBuildFile; fileRef = 337A15622951875B00CBCE23 /* AppDelegate.swift */; };
		337A15652951875B00CBCE23 /* SceneDelegate.swift in Sources */ = {isa = PBXBuildFile; fileRef = 337A15642951875B00CBCE23 /* SceneDelegate.swift */; };
		337A15672951875B00CBCE23 /* ViewController.swift in Sources */ = {isa = PBXBuildFile; fileRef = 337A15662951875B00CBCE23 /* ViewController.swift */; };
		337A156C2951875C00CBCE23 /* Assets.xcassets in Resources */ = {isa = PBXBuildFile; fileRef = 337A156B2951875C00CBCE23 /* Assets.xcassets */; };
		337A156F2951875C00CBCE23 /* LaunchScreen.storyboard in Resources */ = {isa = PBXBuildFile; fileRef = 337A156D2951875C00CBCE23 /* LaunchScreen.storyboard */; };
		337A157A2951875C00CBCE23 /* WalkyTests.swift in Sources */ = {isa = PBXBuildFile; fileRef = 337A15792951875C00CBCE23 /* WalkyTests.swift */; };
		337A15842951875C00CBCE23 /* WalkyUITests.swift in Sources */ = {isa = PBXBuildFile; fileRef = 337A15832951875C00CBCE23 /* WalkyUITests.swift */; };
		337A15862951875C00CBCE23 /* WalkyUITestsLaunchTests.swift in Sources */ = {isa = PBXBuildFile; fileRef = 337A15852951875C00CBCE23 /* WalkyUITestsLaunchTests.swift */; };
		35F7574977E1B32CB222D0B1 /* Pods_WalkyTests.framework in Frameworks */ = {isa = PBXBuildFile; fileRef = 170EFBF679786F586A02B1C1 /* Pods_WalkyTests.framework */; };
		A3D49988175F7B035B076FB5 /* Pods_Walky_WalkyUITests.framework in Frameworks */ = {isa = PBXBuildFile; fileRef = 43F6E114FBD53E1D81280ED1 /* Pods_Walky_WalkyUITests.framework */; };
		DC78D362B21731889096B045 /* Pods_Walky.framework in Frameworks */ = {isa = PBXBuildFile; fileRef = 5285851419D3CFDFF9B1BD5E /* Pods_Walky.framework */; };
/* End PBXBuildFile section */

/* Begin PBXContainerItemProxy section */
		337A15762951875C00CBCE23 /* PBXContainerItemProxy */ = {
			isa = PBXContainerItemProxy;
			containerPortal = 337A15572951875B00CBCE23 /* Project object */;
			proxyType = 1;
			remoteGlobalIDString = 337A155E2951875B00CBCE23;
			remoteInfo = Walky;
		};
		337A15802951875C00CBCE23 /* PBXContainerItemProxy */ = {
			isa = PBXContainerItemProxy;
			containerPortal = 337A15572951875B00CBCE23 /* Project object */;
			proxyType = 1;
			remoteGlobalIDString = 337A155E2951875B00CBCE23;
			remoteInfo = Walky;
		};
/* End PBXContainerItemProxy section */

/* Begin PBXFileReference section */
		00E1F036D834FF2E5181886E /* Pods-Walky-WalkyUITests.release.xcconfig */ = {isa = PBXFileReference; includeInIndex = 1; lastKnownFileType = text.xcconfig; name = "Pods-Walky-WalkyUITests.release.xcconfig"; path = "Target Support Files/Pods-Walky-WalkyUITests/Pods-Walky-WalkyUITests.release.xcconfig"; sourceTree = "<group>"; };
		07FE5B9DB7C84C3DE9F6DA3C /* Pods-Walky.release.xcconfig */ = {isa = PBXFileReference; includeInIndex = 1; lastKnownFileType = text.xcconfig; name = "Pods-Walky.release.xcconfig"; path = "Target Support Files/Pods-Walky/Pods-Walky.release.xcconfig"; sourceTree = "<group>"; };
		154047466225D4E665D2FDF2 /* Pods-Walky-WalkyUITests.debug.xcconfig */ = {isa = PBXFileReference; includeInIndex = 1; lastKnownFileType = text.xcconfig; name = "Pods-Walky-WalkyUITests.debug.xcconfig"; path = "Target Support Files/Pods-Walky-WalkyUITests/Pods-Walky-WalkyUITests.debug.xcconfig"; sourceTree = "<group>"; };
		170EFBF679786F586A02B1C1 /* Pods_WalkyTests.framework */ = {isa = PBXFileReference; explicitFileType = wrapper.framework; includeInIndex = 0; path = Pods_WalkyTests.framework; sourceTree = BUILT_PRODUCTS_DIR; };
		337A155F2951875B00CBCE23 /* Walky.app */ = {isa = PBXFileReference; explicitFileType = wrapper.application; includeInIndex = 0; path = Walky.app; sourceTree = BUILT_PRODUCTS_DIR; };
		337A15622951875B00CBCE23 /* AppDelegate.swift */ = {isa = PBXFileReference; lastKnownFileType = sourcecode.swift; path = AppDelegate.swift; sourceTree = "<group>"; };
		337A15642951875B00CBCE23 /* SceneDelegate.swift */ = {isa = PBXFileReference; lastKnownFileType = sourcecode.swift; path = SceneDelegate.swift; sourceTree = "<group>"; };
		337A15662951875B00CBCE23 /* ViewController.swift */ = {isa = PBXFileReference; lastKnownFileType = sourcecode.swift; path = ViewController.swift; sourceTree = "<group>"; };
		337A156B2951875C00CBCE23 /* Assets.xcassets */ = {isa = PBXFileReference; lastKnownFileType = folder.assetcatalog; path = Assets.xcassets; sourceTree = "<group>"; };
		337A156E2951875C00CBCE23 /* Base */ = {isa = PBXFileReference; lastKnownFileType = file.storyboard; name = Base; path = Base.lproj/LaunchScreen.storyboard; sourceTree = "<group>"; };
		337A15702951875C00CBCE23 /* Info.plist */ = {isa = PBXFileReference; lastKnownFileType = text.plist.xml; path = Info.plist; sourceTree = "<group>"; };
		337A15752951875C00CBCE23 /* WalkyTests.xctest */ = {isa = PBXFileReference; explicitFileType = wrapper.cfbundle; includeInIndex = 0; path = WalkyTests.xctest; sourceTree = BUILT_PRODUCTS_DIR; };
		337A15792951875C00CBCE23 /* WalkyTests.swift */ = {isa = PBXFileReference; lastKnownFileType = sourcecode.swift; path = WalkyTests.swift; sourceTree = "<group>"; };
		337A157F2951875C00CBCE23 /* WalkyUITests.xctest */ = {isa = PBXFileReference; explicitFileType = wrapper.cfbundle; includeInIndex = 0; path = WalkyUITests.xctest; sourceTree = BUILT_PRODUCTS_DIR; };
		337A15832951875C00CBCE23 /* WalkyUITests.swift */ = {isa = PBXFileReference; lastKnownFileType = sourcecode.swift; path = WalkyUITests.swift; sourceTree = "<group>"; };
		337A15852951875C00CBCE23 /* WalkyUITestsLaunchTests.swift */ = {isa = PBXFileReference; lastKnownFileType = sourcecode.swift; path = WalkyUITestsLaunchTests.swift; sourceTree = "<group>"; };
		43F6E114FBD53E1D81280ED1 /* Pods_Walky_WalkyUITests.framework */ = {isa = PBXFileReference; explicitFileType = wrapper.framework; includeInIndex = 0; path = Pods_Walky_WalkyUITests.framework; sourceTree = BUILT_PRODUCTS_DIR; };
		5285851419D3CFDFF9B1BD5E /* Pods_Walky.framework */ = {isa = PBXFileReference; explicitFileType = wrapper.framework; includeInIndex = 0; path = Pods_Walky.framework; sourceTree = BUILT_PRODUCTS_DIR; };
		9A729E8E37710BA4AB822E45 /* Pods-WalkyTests.release.xcconfig */ = {isa = PBXFileReference; includeInIndex = 1; lastKnownFileType = text.xcconfig; name = "Pods-WalkyTests.release.xcconfig"; path = "Target Support Files/Pods-WalkyTests/Pods-WalkyTests.release.xcconfig"; sourceTree = "<group>"; };
		BB522442C9810712D5492F35 /* Pods-Walky.debug.xcconfig */ = {isa = PBXFileReference; includeInIndex = 1; lastKnownFileType = text.xcconfig; name = "Pods-Walky.debug.xcconfig"; path = "Target Support Files/Pods-Walky/Pods-Walky.debug.xcconfig"; sourceTree = "<group>"; };
		E9EC13506D775FFE992BF686 /* Pods-WalkyTests.debug.xcconfig */ = {isa = PBXFileReference; includeInIndex = 1; lastKnownFileType = text.xcconfig; name = "Pods-WalkyTests.debug.xcconfig"; path = "Target Support Files/Pods-WalkyTests/Pods-WalkyTests.debug.xcconfig"; sourceTree = "<group>"; };
/* End PBXFileReference section */

/* Begin PBXFrameworksBuildPhase section */
		337A155C2951875B00CBCE23 /* Frameworks */ = {
			isa = PBXFrameworksBuildPhase;
			buildActionMask = 2147483647;
			files = (
				DC78D362B21731889096B045 /* Pods_Walky.framework in Frameworks */,
			);
			runOnlyForDeploymentPostprocessing = 0;
		};
		337A15722951875C00CBCE23 /* Frameworks */ = {
			isa = PBXFrameworksBuildPhase;
			buildActionMask = 2147483647;
			files = (
				35F7574977E1B32CB222D0B1 /* Pods_WalkyTests.framework in Frameworks */,
			);
			runOnlyForDeploymentPostprocessing = 0;
		};
		337A157C2951875C00CBCE23 /* Frameworks */ = {
			isa = PBXFrameworksBuildPhase;
			buildActionMask = 2147483647;
			files = (
				A3D49988175F7B035B076FB5 /* Pods_Walky_WalkyUITests.framework in Frameworks */,
			);
			runOnlyForDeploymentPostprocessing = 0;
		};
/* End PBXFrameworksBuildPhase section */

/* Begin PBXGroup section */
		10DA39BE0A8C86EC2DE05A58 /* Frameworks */ = {
			isa = PBXGroup;
			children = (
				5285851419D3CFDFF9B1BD5E /* Pods_Walky.framework */,
				43F6E114FBD53E1D81280ED1 /* Pods_Walky_WalkyUITests.framework */,
				170EFBF679786F586A02B1C1 /* Pods_WalkyTests.framework */,
			);
			name = Frameworks;
			sourceTree = "<group>";
		};
		337A15562951875B00CBCE23 = {
			isa = PBXGroup;
			children = (
				337A15612951875B00CBCE23 /* Walky */,
				337A15782951875C00CBCE23 /* WalkyTests */,
				337A15822951875C00CBCE23 /* WalkyUITests */,
				337A15602951875B00CBCE23 /* Products */,
				B7D6AD08A7EC5109F0596DEE /* Pods */,
				10DA39BE0A8C86EC2DE05A58 /* Frameworks */,
			);
			sourceTree = "<group>";
		};
		337A15602951875B00CBCE23 /* Products */ = {
			isa = PBXGroup;
			children = (
				337A155F2951875B00CBCE23 /* Walky.app */,
				337A15752951875C00CBCE23 /* WalkyTests.xctest */,
				337A157F2951875C00CBCE23 /* WalkyUITests.xctest */,
			);
			name = Products;
			sourceTree = "<group>";
		};
		337A15612951875B00CBCE23 /* Walky */ = {
			isa = PBXGroup;
			children = (
				337A15622951875B00CBCE23 /* AppDelegate.swift */,
				337A15642951875B00CBCE23 /* SceneDelegate.swift */,
				337A15662951875B00CBCE23 /* ViewController.swift */,
				337A156B2951875C00CBCE23 /* Assets.xcassets */,
				337A156D2951875C00CBCE23 /* LaunchScreen.storyboard */,
				337A15702951875C00CBCE23 /* Info.plist */,
			);
			path = Walky;
			sourceTree = "<group>";
		};
		337A15782951875C00CBCE23 /* WalkyTests */ = {
			isa = PBXGroup;
			children = (
				337A15792951875C00CBCE23 /* WalkyTests.swift */,
			);
			path = WalkyTests;
			sourceTree = "<group>";
		};
		337A15822951875C00CBCE23 /* WalkyUITests */ = {
			isa = PBXGroup;
			children = (
				337A15832951875C00CBCE23 /* WalkyUITests.swift */,
				337A15852951875C00CBCE23 /* WalkyUITestsLaunchTests.swift */,
			);
			path = WalkyUITests;
			sourceTree = "<group>";
		};
		B7D6AD08A7EC5109F0596DEE /* Pods */ = {
			isa = PBXGroup;
			children = (
				BB522442C9810712D5492F35 /* Pods-Walky.debug.xcconfig */,
				07FE5B9DB7C84C3DE9F6DA3C /* Pods-Walky.release.xcconfig */,
				154047466225D4E665D2FDF2 /* Pods-Walky-WalkyUITests.debug.xcconfig */,
				00E1F036D834FF2E5181886E /* Pods-Walky-WalkyUITests.release.xcconfig */,
				E9EC13506D775FFE992BF686 /* Pods-WalkyTests.debug.xcconfig */,
				9A729E8E37710BA4AB822E45 /* Pods-WalkyTests.release.xcconfig */,
			);
			path = Pods;
			sourceTree = "<group>";
		};
/* End PBXGroup section */

/* Begin PBXNativeTarget section */
		337A155E2951875B00CBCE23 /* Walky */ = {
			isa = PBXNativeTarget;
			buildConfigurationList = 337A15892951875C00CBCE23 /* Build configuration list for PBXNativeTarget "Walky" */;
			buildPhases = (
				B9C7CDA3673097534D7FC93A /* [CP] Check Pods Manifest.lock */,
				337A155B2951875B00CBCE23 /* Sources */,
				337A155C2951875B00CBCE23 /* Frameworks */,
				337A155D2951875B00CBCE23 /* Resources */,
				1B215EC51307694220D71EBC /* [CP] Copy Pods Resources */,
			);
			buildRules = (
			);
			dependencies = (
			);
			name = Walky;
			productName = Walky;
			productReference = 337A155F2951875B00CBCE23 /* Walky.app */;
			productType = "com.apple.product-type.application";
		};
		337A15742951875C00CBCE23 /* WalkyTests */ = {
			isa = PBXNativeTarget;
			buildConfigurationList = 337A158C2951875C00CBCE23 /* Build configuration list for PBXNativeTarget "WalkyTests" */;
			buildPhases = (
				B656FFA3AC9ADE2B79AD0478 /* [CP] Check Pods Manifest.lock */,
				337A15712951875C00CBCE23 /* Sources */,
				337A15722951875C00CBCE23 /* Frameworks */,
				337A15732951875C00CBCE23 /* Resources */,
			);
			buildRules = (
			);
			dependencies = (
				337A15772951875C00CBCE23 /* PBXTargetDependency */,
			);
			name = WalkyTests;
			productName = WalkyTests;
			productReference = 337A15752951875C00CBCE23 /* WalkyTests.xctest */;
			productType = "com.apple.product-type.bundle.unit-test";
		};
		337A157E2951875C00CBCE23 /* WalkyUITests */ = {
			isa = PBXNativeTarget;
			buildConfigurationList = 337A158F2951875C00CBCE23 /* Build configuration list for PBXNativeTarget "WalkyUITests" */;
			buildPhases = (
				C7517136EB97CDC2400E925D /* [CP] Check Pods Manifest.lock */,
				337A157B2951875C00CBCE23 /* Sources */,
				337A157C2951875C00CBCE23 /* Frameworks */,
				337A157D2951875C00CBCE23 /* Resources */,
				A1F2D05995A123786759F5CC /* [CP] Copy Pods Resources */,
			);
			buildRules = (
			);
			dependencies = (
				337A15812951875C00CBCE23 /* PBXTargetDependency */,
			);
			name = WalkyUITests;
			productName = WalkyUITests;
			productReference = 337A157F2951875C00CBCE23 /* WalkyUITests.xctest */;
			productType = "com.apple.product-type.bundle.ui-testing";
		};
/* End PBXNativeTarget section */

/* Begin PBXProject section */
		337A15572951875B00CBCE23 /* Project object */ = {
			isa = PBXProject;
			attributes = {
				BuildIndependentTargetsInParallel = 1;
				LastSwiftUpdateCheck = 1400;
				LastUpgradeCheck = 1400;
				TargetAttributes = {
					337A155E2951875B00CBCE23 = {
						CreatedOnToolsVersion = 14.0;
					};
					337A15742951875C00CBCE23 = {
						CreatedOnToolsVersion = 14.0;
						TestTargetID = 337A155E2951875B00CBCE23;
					};
					337A157E2951875C00CBCE23 = {
						CreatedOnToolsVersion = 14.0;
						TestTargetID = 337A155E2951875B00CBCE23;
					};
				};
			};
			buildConfigurationList = 337A155A2951875B00CBCE23 /* Build configuration list for PBXProject "Walky" */;
			compatibilityVersion = "Xcode 13.0";
			developmentRegion = en;
			hasScannedForEncodings = 0;
			knownRegions = (
				en,
				Base,
			);
			mainGroup = 337A15562951875B00CBCE23;
			productRefGroup = 337A15602951875B00CBCE23 /* Products */;
			projectDirPath = "";
			projectRoot = "";
			targets = (
				337A155E2951875B00CBCE23 /* Walky */,
				337A15742951875C00CBCE23 /* WalkyTests */,
				337A157E2951875C00CBCE23 /* WalkyUITests */,
			);
		};
/* End PBXProject section */

/* Begin PBXResourcesBuildPhase section */
		337A155D2951875B00CBCE23 /* Resources */ = {
			isa = PBXResourcesBuildPhase;
			buildActionMask = 2147483647;
			files = (
				337A156F2951875C00CBCE23 /* LaunchScreen.storyboard in Resources */,
				337A156C2951875C00CBCE23 /* Assets.xcassets in Resources */,
			);
			runOnlyForDeploymentPostprocessing = 0;
		};
		337A15732951875C00CBCE23 /* Resources */ = {
			isa = PBXResourcesBuildPhase;
			buildActionMask = 2147483647;
			files = (
			);
			runOnlyForDeploymentPostprocessing = 0;
		};
		337A157D2951875C00CBCE23 /* Resources */ = {
			isa = PBXResourcesBuildPhase;
			buildActionMask = 2147483647;
			files = (
			);
			runOnlyForDeploymentPostprocessing = 0;
		};
/* End PBXResourcesBuildPhase section */

/* Begin PBXShellScriptBuildPhase section */
		1B215EC51307694220D71EBC /* [CP] Copy Pods Resources */ = {
			isa = PBXShellScriptBuildPhase;
			buildActionMask = 2147483647;
			files = (
			);
			inputFileListPaths = (
				"${PODS_ROOT}/Target Support Files/Pods-Walky/Pods-Walky-resources-${CONFIGURATION}-input-files.xcfilelist",
			);
			name = "[CP] Copy Pods Resources";
			outputFileListPaths = (
				"${PODS_ROOT}/Target Support Files/Pods-Walky/Pods-Walky-resources-${CONFIGURATION}-output-files.xcfilelist",
			);
			runOnlyForDeploymentPostprocessing = 0;
			shellPath = /bin/sh;
			shellScript = "\"${PODS_ROOT}/Target Support Files/Pods-Walky/Pods-Walky-resources.sh\"\n";
			showEnvVarsInLog = 0;
		};
		A1F2D05995A123786759F5CC /* [CP] Copy Pods Resources */ = {
			isa = PBXShellScriptBuildPhase;
			buildActionMask = 2147483647;
			files = (
			);
			inputFileListPaths = (
				"${PODS_ROOT}/Target Support Files/Pods-Walky-WalkyUITests/Pods-Walky-WalkyUITests-resources-${CONFIGURATION}-input-files.xcfilelist",
			);
			name = "[CP] Copy Pods Resources";
			outputFileListPaths = (
				"${PODS_ROOT}/Target Support Files/Pods-Walky-WalkyUITests/Pods-Walky-WalkyUITests-resources-${CONFIGURATION}-output-files.xcfilelist",
			);
			runOnlyForDeploymentPostprocessing = 0;
			shellPath = /bin/sh;
			shellScript = "\"${PODS_ROOT}/Target Support Files/Pods-Walky-WalkyUITests/Pods-Walky-WalkyUITests-resources.sh\"\n";
			showEnvVarsInLog = 0;
		};
		B656FFA3AC9ADE2B79AD0478 /* [CP] Check Pods Manifest.lock */ = {
			isa = PBXShellScriptBuildPhase;
			buildActionMask = 2147483647;
			files = (
			);
			inputFileListPaths = (
			);
			inputPaths = (
				"${PODS_PODFILE_DIR_PATH}/Podfile.lock",
				"${PODS_ROOT}/Manifest.lock",
			);
			name = "[CP] Check Pods Manifest.lock";
			outputFileListPaths = (
			);
			outputPaths = (
				"$(DERIVED_FILE_DIR)/Pods-WalkyTests-checkManifestLockResult.txt",
			);
			runOnlyForDeploymentPostprocessing = 0;
			shellPath = /bin/sh;
			shellScript = "diff \"${PODS_PODFILE_DIR_PATH}/Podfile.lock\" \"${PODS_ROOT}/Manifest.lock\" > /dev/null\nif [ $? != 0 ] ; then\n    # print error to STDERR\n    echo \"error: The sandbox is not in sync with the Podfile.lock. Run 'pod install' or update your CocoaPods installation.\" >&2\n    exit 1\nfi\n# This output is used by Xcode 'outputs' to avoid re-running this script phase.\necho \"SUCCESS\" > \"${SCRIPT_OUTPUT_FILE_0}\"\n";
			showEnvVarsInLog = 0;
		};
		B9C7CDA3673097534D7FC93A /* [CP] Check Pods Manifest.lock */ = {
			isa = PBXShellScriptBuildPhase;
			buildActionMask = 2147483647;
			files = (
			);
			inputFileListPaths = (
			);
			inputPaths = (
				"${PODS_PODFILE_DIR_PATH}/Podfile.lock",
				"${PODS_ROOT}/Manifest.lock",
			);
			name = "[CP] Check Pods Manifest.lock";
			outputFileListPaths = (
			);
			outputPaths = (
				"$(DERIVED_FILE_DIR)/Pods-Walky-checkManifestLockResult.txt",
			);
			runOnlyForDeploymentPostprocessing = 0;
			shellPath = /bin/sh;
			shellScript = "diff \"${PODS_PODFILE_DIR_PATH}/Podfile.lock\" \"${PODS_ROOT}/Manifest.lock\" > /dev/null\nif [ $? != 0 ] ; then\n    # print error to STDERR\n    echo \"error: The sandbox is not in sync with the Podfile.lock. Run 'pod install' or update your CocoaPods installation.\" >&2\n    exit 1\nfi\n# This output is used by Xcode 'outputs' to avoid re-running this script phase.\necho \"SUCCESS\" > \"${SCRIPT_OUTPUT_FILE_0}\"\n";
			showEnvVarsInLog = 0;
		};
		C7517136EB97CDC2400E925D /* [CP] Check Pods Manifest.lock */ = {
			isa = PBXShellScriptBuildPhase;
			buildActionMask = 2147483647;
			files = (
			);
			inputFileListPaths = (
			);
			inputPaths = (
				"${PODS_PODFILE_DIR_PATH}/Podfile.lock",
				"${PODS_ROOT}/Manifest.lock",
			);
			name = "[CP] Check Pods Manifest.lock";
			outputFileListPaths = (
			);
			outputPaths = (
				"$(DERIVED_FILE_DIR)/Pods-Walky-WalkyUITests-checkManifestLockResult.txt",
			);
			runOnlyForDeploymentPostprocessing = 0;
			shellPath = /bin/sh;
			shellScript = "diff \"${PODS_PODFILE_DIR_PATH}/Podfile.lock\" \"${PODS_ROOT}/Manifest.lock\" > /dev/null\nif [ $? != 0 ] ; then\n    # print error to STDERR\n    echo \"error: The sandbox is not in sync with the Podfile.lock. Run 'pod install' or update your CocoaPods installation.\" >&2\n    exit 1\nfi\n# This output is used by Xcode 'outputs' to avoid re-running this script phase.\necho \"SUCCESS\" > \"${SCRIPT_OUTPUT_FILE_0}\"\n";
			showEnvVarsInLog = 0;
		};
/* End PBXShellScriptBuildPhase section */

/* Begin PBXSourcesBuildPhase section */
		337A155B2951875B00CBCE23 /* Sources */ = {
			isa = PBXSourcesBuildPhase;
			buildActionMask = 2147483647;
			files = (
				337A15672951875B00CBCE23 /* ViewController.swift in Sources */,
				337A15632951875B00CBCE23 /* AppDelegate.swift in Sources */,
				337A15652951875B00CBCE23 /* SceneDelegate.swift in Sources */,
			);
			runOnlyForDeploymentPostprocessing = 0;
		};
		337A15712951875C00CBCE23 /* Sources */ = {
			isa = PBXSourcesBuildPhase;
			buildActionMask = 2147483647;
			files = (
				337A157A2951875C00CBCE23 /* WalkyTests.swift in Sources */,
			);
			runOnlyForDeploymentPostprocessing = 0;
		};
		337A157B2951875C00CBCE23 /* Sources */ = {
			isa = PBXSourcesBuildPhase;
			buildActionMask = 2147483647;
			files = (
				337A15842951875C00CBCE23 /* WalkyUITests.swift in Sources */,
				337A15862951875C00CBCE23 /* WalkyUITestsLaunchTests.swift in Sources */,
			);
			runOnlyForDeploymentPostprocessing = 0;
		};
/* End PBXSourcesBuildPhase section */

/* Begin PBXTargetDependency section */
		337A15772951875C00CBCE23 /* PBXTargetDependency */ = {
			isa = PBXTargetDependency;
			target = 337A155E2951875B00CBCE23 /* Walky */;
			targetProxy = 337A15762951875C00CBCE23 /* PBXContainerItemProxy */;
		};
		337A15812951875C00CBCE23 /* PBXTargetDependency */ = {
			isa = PBXTargetDependency;
			target = 337A155E2951875B00CBCE23 /* Walky */;
			targetProxy = 337A15802951875C00CBCE23 /* PBXContainerItemProxy */;
		};
/* End PBXTargetDependency section */

/* Begin PBXVariantGroup section */
		337A156D2951875C00CBCE23 /* LaunchScreen.storyboard */ = {
			isa = PBXVariantGroup;
			children = (
				337A156E2951875C00CBCE23 /* Base */,
			);
			name = LaunchScreen.storyboard;
			sourceTree = "<group>";
		};
/* End PBXVariantGroup section */

/* Begin XCBuildConfiguration section */
		337A15872951875C00CBCE23 /* Debug */ = {
			isa = XCBuildConfiguration;
			buildSettings = {
				ALWAYS_SEARCH_USER_PATHS = NO;
				CLANG_ANALYZER_NONNULL = YES;
				CLANG_ANALYZER_NUMBER_OBJECT_CONVERSION = YES_AGGRESSIVE;
				CLANG_CXX_LANGUAGE_STANDARD = "gnu++20";
				CLANG_ENABLE_MODULES = YES;
				CLANG_ENABLE_OBJC_ARC = YES;
				CLANG_ENABLE_OBJC_WEAK = YES;
				CLANG_WARN_BLOCK_CAPTURE_AUTORELEASING = YES;
				CLANG_WARN_BOOL_CONVERSION = YES;
				CLANG_WARN_COMMA = YES;
				CLANG_WARN_CONSTANT_CONVERSION = YES;
				CLANG_WARN_DEPRECATED_OBJC_IMPLEMENTATIONS = YES;
				CLANG_WARN_DIRECT_OBJC_ISA_USAGE = YES_ERROR;
				CLANG_WARN_DOCUMENTATION_COMMENTS = YES;
				CLANG_WARN_EMPTY_BODY = YES;
				CLANG_WARN_ENUM_CONVERSION = YES;
				CLANG_WARN_INFINITE_RECURSION = YES;
				CLANG_WARN_INT_CONVERSION = YES;
				CLANG_WARN_NON_LITERAL_NULL_CONVERSION = YES;
				CLANG_WARN_OBJC_IMPLICIT_RETAIN_SELF = YES;
				CLANG_WARN_OBJC_LITERAL_CONVERSION = YES;
				CLANG_WARN_OBJC_ROOT_CLASS = YES_ERROR;
				CLANG_WARN_QUOTED_INCLUDE_IN_FRAMEWORK_HEADER = YES;
				CLANG_WARN_RANGE_LOOP_ANALYSIS = YES;
				CLANG_WARN_STRICT_PROTOTYPES = YES;
				CLANG_WARN_SUSPICIOUS_MOVE = YES;
				CLANG_WARN_UNGUARDED_AVAILABILITY = YES_AGGRESSIVE;
				CLANG_WARN_UNREACHABLE_CODE = YES;
				CLANG_WARN__DUPLICATE_METHOD_MATCH = YES;
				COPY_PHASE_STRIP = NO;
				DEBUG_INFORMATION_FORMAT = dwarf;
				ENABLE_STRICT_OBJC_MSGSEND = YES;
				ENABLE_TESTABILITY = YES;
				GCC_C_LANGUAGE_STANDARD = gnu11;
				GCC_DYNAMIC_NO_PIC = NO;
				GCC_NO_COMMON_BLOCKS = YES;
				GCC_OPTIMIZATION_LEVEL = 0;
				GCC_PREPROCESSOR_DEFINITIONS = (
					"DEBUG=1",
					"$(inherited)",
				);
				GCC_WARN_64_TO_32_BIT_CONVERSION = YES;
				GCC_WARN_ABOUT_RETURN_TYPE = YES_ERROR;
				GCC_WARN_UNDECLARED_SELECTOR = YES;
				GCC_WARN_UNINITIALIZED_AUTOS = YES_AGGRESSIVE;
				GCC_WARN_UNUSED_FUNCTION = YES;
				GCC_WARN_UNUSED_VARIABLE = YES;
				IPHONEOS_DEPLOYMENT_TARGET = 16.0;
				MTL_ENABLE_DEBUG_INFO = INCLUDE_SOURCE;
				MTL_FAST_MATH = YES;
				ONLY_ACTIVE_ARCH = YES;
				SDKROOT = iphoneos;
				SWIFT_ACTIVE_COMPILATION_CONDITIONS = DEBUG;
				SWIFT_OPTIMIZATION_LEVEL = "-Onone";
			};
			name = Debug;
		};
		337A15882951875C00CBCE23 /* Release */ = {
			isa = XCBuildConfiguration;
			buildSettings = {
				ALWAYS_SEARCH_USER_PATHS = NO;
				CLANG_ANALYZER_NONNULL = YES;
				CLANG_ANALYZER_NUMBER_OBJECT_CONVERSION = YES_AGGRESSIVE;
				CLANG_CXX_LANGUAGE_STANDARD = "gnu++20";
				CLANG_ENABLE_MODULES = YES;
				CLANG_ENABLE_OBJC_ARC = YES;
				CLANG_ENABLE_OBJC_WEAK = YES;
				CLANG_WARN_BLOCK_CAPTURE_AUTORELEASING = YES;
				CLANG_WARN_BOOL_CONVERSION = YES;
				CLANG_WARN_COMMA = YES;
				CLANG_WARN_CONSTANT_CONVERSION = YES;
				CLANG_WARN_DEPRECATED_OBJC_IMPLEMENTATIONS = YES;
				CLANG_WARN_DIRECT_OBJC_ISA_USAGE = YES_ERROR;
				CLANG_WARN_DOCUMENTATION_COMMENTS = YES;
				CLANG_WARN_EMPTY_BODY = YES;
				CLANG_WARN_ENUM_CONVERSION = YES;
				CLANG_WARN_INFINITE_RECURSION = YES;
				CLANG_WARN_INT_CONVERSION = YES;
				CLANG_WARN_NON_LITERAL_NULL_CONVERSION = YES;
				CLANG_WARN_OBJC_IMPLICIT_RETAIN_SELF = YES;
				CLANG_WARN_OBJC_LITERAL_CONVERSION = YES;
				CLANG_WARN_OBJC_ROOT_CLASS = YES_ERROR;
				CLANG_WARN_QUOTED_INCLUDE_IN_FRAMEWORK_HEADER = YES;
				CLANG_WARN_RANGE_LOOP_ANALYSIS = YES;
				CLANG_WARN_STRICT_PROTOTYPES = YES;
				CLANG_WARN_SUSPICIOUS_MOVE = YES;
				CLANG_WARN_UNGUARDED_AVAILABILITY = YES_AGGRESSIVE;
				CLANG_WARN_UNREACHABLE_CODE = YES;
				CLANG_WARN__DUPLICATE_METHOD_MATCH = YES;
				COPY_PHASE_STRIP = NO;
				DEBUG_INFORMATION_FORMAT = "dwarf-with-dsym";
				ENABLE_NS_ASSERTIONS = NO;
				ENABLE_STRICT_OBJC_MSGSEND = YES;
				GCC_C_LANGUAGE_STANDARD = gnu11;
				GCC_NO_COMMON_BLOCKS = YES;
				GCC_WARN_64_TO_32_BIT_CONVERSION = YES;
				GCC_WARN_ABOUT_RETURN_TYPE = YES_ERROR;
				GCC_WARN_UNDECLARED_SELECTOR = YES;
				GCC_WARN_UNINITIALIZED_AUTOS = YES_AGGRESSIVE;
				GCC_WARN_UNUSED_FUNCTION = YES;
				GCC_WARN_UNUSED_VARIABLE = YES;
				IPHONEOS_DEPLOYMENT_TARGET = 16.0;
				MTL_ENABLE_DEBUG_INFO = NO;
				MTL_FAST_MATH = YES;
				SDKROOT = iphoneos;
				SWIFT_COMPILATION_MODE = wholemodule;
				SWIFT_OPTIMIZATION_LEVEL = "-O";
				VALIDATE_PRODUCT = YES;
			};
			name = Release;
		};
		337A158A2951875C00CBCE23 /* Debug */ = {
			isa = XCBuildConfiguration;
			baseConfigurationReference = BB522442C9810712D5492F35 /* Pods-Walky.debug.xcconfig */;
			buildSettings = {
				ASSETCATALOG_COMPILER_APPICON_NAME = AppIcon;
				ASSETCATALOG_COMPILER_GLOBAL_ACCENT_COLOR_NAME = AccentColor;
				CODE_SIGN_STYLE = Automatic;
				CURRENT_PROJECT_VERSION = 1;
				DEVELOPMENT_TEAM = VRDLN5RHTY;
				GENERATE_INFOPLIST_FILE = YES;
				INFOPLIST_FILE = Walky/Info.plist;
				INFOPLIST_KEY_UIApplicationSupportsIndirectInputEvents = YES;
				INFOPLIST_KEY_UILaunchStoryboardName = LaunchScreen;
				INFOPLIST_KEY_UIMainStoryboardFile = "";
				INFOPLIST_KEY_UISupportedInterfaceOrientations_iPad = "UIInterfaceOrientationPortrait UIInterfaceOrientationPortraitUpsideDown UIInterfaceOrientationLandscapeLeft UIInterfaceOrientationLandscapeRight";
				INFOPLIST_KEY_UISupportedInterfaceOrientations_iPhone = "UIInterfaceOrientationPortrait UIInterfaceOrientationLandscapeLeft UIInterfaceOrientationLandscapeRight";
				LD_RUNPATH_SEARCH_PATHS = (
					"$(inherited)",
					"@executable_path/Frameworks",
				);
				MARKETING_VERSION = 1.0;
				PRODUCT_BUNDLE_IDENTIFIER = com.dannie.Walky;
				PRODUCT_NAME = "$(TARGET_NAME)";
				SWIFT_EMIT_LOC_STRINGS = YES;
				SWIFT_VERSION = 5.0;
				TARGETED_DEVICE_FAMILY = "1,2";
			};
			name = Debug;
		};
		337A158B2951875C00CBCE23 /* Release */ = {
			isa = XCBuildConfiguration;
			baseConfigurationReference = 07FE5B9DB7C84C3DE9F6DA3C /* Pods-Walky.release.xcconfig */;
			buildSettings = {
				ASSETCATALOG_COMPILER_APPICON_NAME = AppIcon;
				ASSETCATALOG_COMPILER_GLOBAL_ACCENT_COLOR_NAME = AccentColor;
				CODE_SIGN_STYLE = Automatic;
				CURRENT_PROJECT_VERSION = 1;
				DEVELOPMENT_TEAM = VRDLN5RHTY;
				GENERATE_INFOPLIST_FILE = YES;
				INFOPLIST_FILE = Walky/Info.plist;
				INFOPLIST_KEY_UIApplicationSupportsIndirectInputEvents = YES;
				INFOPLIST_KEY_UILaunchStoryboardName = LaunchScreen;
				INFOPLIST_KEY_UIMainStoryboardFile = "";
				INFOPLIST_KEY_UISupportedInterfaceOrientations_iPad = "UIInterfaceOrientationPortrait UIInterfaceOrientationPortraitUpsideDown UIInterfaceOrientationLandscapeLeft UIInterfaceOrientationLandscapeRight";
				INFOPLIST_KEY_UISupportedInterfaceOrientations_iPhone = "UIInterfaceOrientationPortrait UIInterfaceOrientationLandscapeLeft UIInterfaceOrientationLandscapeRight";
				LD_RUNPATH_SEARCH_PATHS = (
					"$(inherited)",
					"@executable_path/Frameworks",
				);
				MARKETING_VERSION = 1.0;
				PRODUCT_BUNDLE_IDENTIFIER = com.dannie.Walky;
				PRODUCT_NAME = "$(TARGET_NAME)";
				SWIFT_EMIT_LOC_STRINGS = YES;
				SWIFT_VERSION = 5.0;
				TARGETED_DEVICE_FAMILY = "1,2";
			};
			name = Release;
		};
		337A158D2951875C00CBCE23 /* Debug */ = {
			isa = XCBuildConfiguration;
			baseConfigurationReference = E9EC13506D775FFE992BF686 /* Pods-WalkyTests.debug.xcconfig */;
			buildSettings = {
				ALWAYS_EMBED_SWIFT_STANDARD_LIBRARIES = YES;
				BUNDLE_LOADER = "$(TEST_HOST)";
				CODE_SIGN_STYLE = Automatic;
				CURRENT_PROJECT_VERSION = 1;
				GENERATE_INFOPLIST_FILE = YES;
				IPHONEOS_DEPLOYMENT_TARGET = 16.0;
				MARKETING_VERSION = 1.0;
				PRODUCT_BUNDLE_IDENTIFIER = com.dannie.WalkyTests;
				PRODUCT_NAME = "$(TARGET_NAME)";
				SWIFT_EMIT_LOC_STRINGS = NO;
				SWIFT_VERSION = 5.0;
				TARGETED_DEVICE_FAMILY = "1,2";
				TEST_HOST = "$(BUILT_PRODUCTS_DIR)/Walky.app/$(BUNDLE_EXECUTABLE_FOLDER_PATH)/Walky";
			};
			name = Debug;
		};
		337A158E2951875C00CBCE23 /* Release */ = {
			isa = XCBuildConfiguration;
			baseConfigurationReference = 9A729E8E37710BA4AB822E45 /* Pods-WalkyTests.release.xcconfig */;
			buildSettings = {
				ALWAYS_EMBED_SWIFT_STANDARD_LIBRARIES = YES;
				BUNDLE_LOADER = "$(TEST_HOST)";
				CODE_SIGN_STYLE = Automatic;
				CURRENT_PROJECT_VERSION = 1;
				GENERATE_INFOPLIST_FILE = YES;
				IPHONEOS_DEPLOYMENT_TARGET = 16.0;
				MARKETING_VERSION = 1.0;
				PRODUCT_BUNDLE_IDENTIFIER = com.dannie.WalkyTests;
				PRODUCT_NAME = "$(TARGET_NAME)";
				SWIFT_EMIT_LOC_STRINGS = NO;
				SWIFT_VERSION = 5.0;
				TARGETED_DEVICE_FAMILY = "1,2";
				TEST_HOST = "$(BUILT_PRODUCTS_DIR)/Walky.app/$(BUNDLE_EXECUTABLE_FOLDER_PATH)/Walky";
			};
			name = Release;
		};
		337A15902951875C00CBCE23 /* Debug */ = {
			isa = XCBuildConfiguration;
			baseConfigurationReference = 154047466225D4E665D2FDF2 /* Pods-Walky-WalkyUITests.debug.xcconfig */;
			buildSettings = {
				ALWAYS_EMBED_SWIFT_STANDARD_LIBRARIES = YES;
				CODE_SIGN_STYLE = Automatic;
				CURRENT_PROJECT_VERSION = 1;
				GENERATE_INFOPLIST_FILE = YES;
				MARKETING_VERSION = 1.0;
				PRODUCT_BUNDLE_IDENTIFIER = com.dannie.WalkyUITests;
				PRODUCT_NAME = "$(TARGET_NAME)";
				SWIFT_EMIT_LOC_STRINGS = NO;
				SWIFT_VERSION = 5.0;
				TARGETED_DEVICE_FAMILY = "1,2";
				TEST_TARGET_NAME = Walky;
			};
			name = Debug;
		};
		337A15912951875C00CBCE23 /* Release */ = {
			isa = XCBuildConfiguration;
			baseConfigurationReference = 00E1F036D834FF2E5181886E /* Pods-Walky-WalkyUITests.release.xcconfig */;
			buildSettings = {
				ALWAYS_EMBED_SWIFT_STANDARD_LIBRARIES = YES;
				CODE_SIGN_STYLE = Automatic;
				CURRENT_PROJECT_VERSION = 1;
				GENERATE_INFOPLIST_FILE = YES;
				MARKETING_VERSION = 1.0;
				PRODUCT_BUNDLE_IDENTIFIER = com.dannie.WalkyUITests;
				PRODUCT_NAME = "$(TARGET_NAME)";
				SWIFT_EMIT_LOC_STRINGS = NO;
				SWIFT_VERSION = 5.0;
				TARGETED_DEVICE_FAMILY = "1,2";
				TEST_TARGET_NAME = Walky;
			};
			name = Release;
		};
/* End XCBuildConfiguration section */

/* Begin XCConfigurationList section */
		337A155A2951875B00CBCE23 /* Build configuration list for PBXProject "Walky" */ = {
			isa = XCConfigurationList;
			buildConfigurations = (
				337A15872951875C00CBCE23 /* Debug */,
				337A15882951875C00CBCE23 /* Release */,
			);
			defaultConfigurationIsVisible = 0;
			defaultConfigurationName = Release;
		};
		337A15892951875C00CBCE23 /* Build configuration list for PBXNativeTarget "Walky" */ = {
			isa = XCConfigurationList;
			buildConfigurations = (
				337A158A2951875C00CBCE23 /* Debug */,
				337A158B2951875C00CBCE23 /* Release */,
			);
			defaultConfigurationIsVisible = 0;
			defaultConfigurationName = Release;
		};
		337A158C2951875C00CBCE23 /* Build configuration list for PBXNativeTarget "WalkyTests" */ = {
			isa = XCConfigurationList;
			buildConfigurations = (
				337A158D2951875C00CBCE23 /* Debug */,
				337A158E2951875C00CBCE23 /* Release */,
			);
			defaultConfigurationIsVisible = 0;
			defaultConfigurationName = Release;
		};
		337A158F2951875C00CBCE23 /* Build configuration list for PBXNativeTarget "WalkyUITests" */ = {
			isa = XCConfigurationList;
			buildConfigurations = (
				337A15902951875C00CBCE23 /* Debug */,
				337A15912951875C00CBCE23 /* Release */,
			);
			defaultConfigurationIsVisible = 0;
			defaultConfigurationName = Release;
		};
/* End XCConfigurationList section */
	};
	rootObject = 337A15572951875B00CBCE23 /* Project object */;
}
